// !$*UTF8*$!
{
	archiveVersion = 1;
	classes = {
	};
	objectVersion = 46;
	objects = {

/* Begin PBXBuildFile section */
		0EC3C2881D5D9F9E000E6CE4 /* AppDelegate.swift in Sources */ = {isa = PBXBuildFile; fileRef = 0EC3C2871D5D9F9E000E6CE4 /* AppDelegate.swift */; };
		0EC3C28A1D5D9F9E000E6CE4 /* ViewController.swift in Sources */ = {isa = PBXBuildFile; fileRef = 0EC3C2891D5D9F9E000E6CE4 /* ViewController.swift */; };
		0EC3C28D1D5D9F9E000E6CE4 /* Main.storyboard in Resources */ = {isa = PBXBuildFile; fileRef = 0EC3C28B1D5D9F9E000E6CE4 /* Main.storyboard */; };
		0EC3C28F1D5D9F9E000E6CE4 /* Assets.xcassets in Resources */ = {isa = PBXBuildFile; fileRef = 0EC3C28E1D5D9F9E000E6CE4 /* Assets.xcassets */; };
		0EC3C2921D5D9F9E000E6CE4 /* LaunchScreen.storyboard in Resources */ = {isa = PBXBuildFile; fileRef = 0EC3C2901D5D9F9E000E6CE4 /* LaunchScreen.storyboard */; };
		0EC3C29D1D5D9F9E000E6CE4 /* HungryTests.swift in Sources */ = {isa = PBXBuildFile; fileRef = 0EC3C29C1D5D9F9E000E6CE4 /* HungryTests.swift */; };
		0EC3C2A81D5D9F9E000E6CE4 /* HungryUITests.swift in Sources */ = {isa = PBXBuildFile; fileRef = 0EC3C2A71D5D9F9E000E6CE4 /* HungryUITests.swift */; };
		5F959314B9EFE0E7CC19D02B /* Pods_HungryTests.framework in Frameworks */ = {isa = PBXBuildFile; fileRef = 2E1B2B9872AD6538B4802753 /* Pods_HungryTests.framework */; };
		680114011D63899300FF3DF2 /* LoginSignupViewController.swift in Sources */ = {isa = PBXBuildFile; fileRef = 680114001D63899300FF3DF2 /* LoginSignupViewController.swift */; };
		680114031D6389E900FF3DF2 /* LoginViewController.swift in Sources */ = {isa = PBXBuildFile; fileRef = 680114021D6389E900FF3DF2 /* LoginViewController.swift */; };
		680114051D638A0200FF3DF2 /* SignupViewController.swift in Sources */ = {isa = PBXBuildFile; fileRef = 680114041D638A0200FF3DF2 /* SignupViewController.swift */; };
		680114071D638A2600FF3DF2 /* SwitchViewController.swift in Sources */ = {isa = PBXBuildFile; fileRef = 680114061D638A2600FF3DF2 /* SwitchViewController.swift */; };
		680114091D638BEB00FF3DF2 /* Bolts.framework in Frameworks */ = {isa = PBXBuildFile; fileRef = 680114081D638BEB00FF3DF2 /* Bolts.framework */; };
		6801140B1D638BF800FF3DF2 /* Parse.framework in Frameworks */ = {isa = PBXBuildFile; fileRef = 6801140A1D638BF800FF3DF2 /* Parse.framework */; };
		6801140D1D638C2000FF3DF2 /* AudioToolbox.framework in Frameworks */ = {isa = PBXBuildFile; fileRef = 6801140C1D638C2000FF3DF2 /* AudioToolbox.framework */; };
		6801140F1D638C2700FF3DF2 /* CFNetwork.framework in Frameworks */ = {isa = PBXBuildFile; fileRef = 6801140E1D638C2700FF3DF2 /* CFNetwork.framework */; };
		680114111D638C3700FF3DF2 /* CoreGraphics.framework in Frameworks */ = {isa = PBXBuildFile; fileRef = 680114101D638C3700FF3DF2 /* CoreGraphics.framework */; };
		680114131D638C3D00FF3DF2 /* CoreLocation.framework in Frameworks */ = {isa = PBXBuildFile; fileRef = 680114121D638C3D00FF3DF2 /* CoreLocation.framework */; };
		680114151D638C4200FF3DF2 /* MobileCoreServices.framework in Frameworks */ = {isa = PBXBuildFile; fileRef = 680114141D638C4200FF3DF2 /* MobileCoreServices.framework */; };
		680114171D638C5500FF3DF2 /* QuartzCore.framework in Frameworks */ = {isa = PBXBuildFile; fileRef = 680114161D638C5500FF3DF2 /* QuartzCore.framework */; };
		680114191D638C5A00FF3DF2 /* Security.framework in Frameworks */ = {isa = PBXBuildFile; fileRef = 680114181D638C5A00FF3DF2 /* Security.framework */; };
		6801141B1D638C6400FF3DF2 /* StoreKit.framework in Frameworks */ = {isa = PBXBuildFile; fileRef = 6801141A1D638C6400FF3DF2 /* StoreKit.framework */; };
		6801141D1D638C7400FF3DF2 /* SystemConfiguration.framework in Frameworks */ = {isa = PBXBuildFile; fileRef = 6801141C1D638C7400FF3DF2 /* SystemConfiguration.framework */; };
		6801141F1D638C8F00FF3DF2 /* libz.tbd in Frameworks */ = {isa = PBXBuildFile; fileRef = 6801141E1D638C8F00FF3DF2 /* libz.tbd */; };
		680114211D638CC100FF3DF2 /* Accounts.framework in Frameworks */ = {isa = PBXBuildFile; fileRef = 680114201D638CC100FF3DF2 /* Accounts.framework */; };
		680114231D638CC700FF3DF2 /* Social.framework in Frameworks */ = {isa = PBXBuildFile; fileRef = 680114221D638CC700FF3DF2 /* Social.framework */; };
		6801142C1D63EF0100FF3DF2 /* Eater.storyboard in Resources */ = {isa = PBXBuildFile; fileRef = 6801142B1D63EF0100FF3DF2 /* Eater.storyboard */; };
		6801142E1D63EF0B00FF3DF2 /* Cook.storyboard in Resources */ = {isa = PBXBuildFile; fileRef = 6801142D1D63EF0B00FF3DF2 /* Cook.storyboard */; };
		8BCFFE404E0BFCEEDB4A0F8C /* Pods_Hungry.framework in Frameworks */ = {isa = PBXBuildFile; fileRef = C347947929721FB6A1886BAB /* Pods_Hungry.framework */; };
		D7ECE35B1D6424C8003173D3 /* CookViewController.swift in Sources */ = {isa = PBXBuildFile; fileRef = D7ECE35A1D6424C8003173D3 /* CookViewController.swift */; };
		D869296C1D63F63F002B63C2 /* ParseClient.swift in Sources */ = {isa = PBXBuildFile; fileRef = D869296B1D63F63F002B63C2 /* ParseClient.swift */; };
		D869296E1D63F683002B63C2 /* Offer.swift in Sources */ = {isa = PBXBuildFile; fileRef = D869296D1D63F683002B63C2 /* Offer.swift */; };
		DBCEC06EAE0C5C59151B0493 /* Pods_HungryUITests.framework in Frameworks */ = {isa = PBXBuildFile; fileRef = B4578FED40BD20228F211661 /* Pods_HungryUITests.framework */; };
/* End PBXBuildFile section */

/* Begin PBXContainerItemProxy section */
		0EC3C2991D5D9F9E000E6CE4 /* PBXContainerItemProxy */ = {
			isa = PBXContainerItemProxy;
			containerPortal = 0EC3C27C1D5D9F9E000E6CE4 /* Project object */;
			proxyType = 1;
			remoteGlobalIDString = 0EC3C2831D5D9F9E000E6CE4;
			remoteInfo = Hungry;
		};
		0EC3C2A41D5D9F9E000E6CE4 /* PBXContainerItemProxy */ = {
			isa = PBXContainerItemProxy;
			containerPortal = 0EC3C27C1D5D9F9E000E6CE4 /* Project object */;
			proxyType = 1;
			remoteGlobalIDString = 0EC3C2831D5D9F9E000E6CE4;
			remoteInfo = Hungry;
		};
/* End PBXContainerItemProxy section */

/* Begin PBXFileReference section */
		022E3F7846057373EC5DAFF0 /* Pods-HungryUITests.release.xcconfig */ = {isa = PBXFileReference; includeInIndex = 1; lastKnownFileType = text.xcconfig; name = "Pods-HungryUITests.release.xcconfig"; path = "Pods/Target Support Files/Pods-HungryUITests/Pods-HungryUITests.release.xcconfig"; sourceTree = "<group>"; };
		0EC3C2841D5D9F9E000E6CE4 /* Hungry.app */ = {isa = PBXFileReference; explicitFileType = wrapper.application; includeInIndex = 0; path = Hungry.app; sourceTree = BUILT_PRODUCTS_DIR; };
		0EC3C2871D5D9F9E000E6CE4 /* AppDelegate.swift */ = {isa = PBXFileReference; lastKnownFileType = sourcecode.swift; path = AppDelegate.swift; sourceTree = "<group>"; };
		0EC3C2891D5D9F9E000E6CE4 /* ViewController.swift */ = {isa = PBXFileReference; lastKnownFileType = sourcecode.swift; path = ViewController.swift; sourceTree = "<group>"; };
		0EC3C28C1D5D9F9E000E6CE4 /* Base */ = {isa = PBXFileReference; lastKnownFileType = file.storyboard; name = Base; path = Base.lproj/Main.storyboard; sourceTree = "<group>"; };
		0EC3C28E1D5D9F9E000E6CE4 /* Assets.xcassets */ = {isa = PBXFileReference; lastKnownFileType = folder.assetcatalog; path = Assets.xcassets; sourceTree = "<group>"; };
		0EC3C2911D5D9F9E000E6CE4 /* Base */ = {isa = PBXFileReference; lastKnownFileType = file.storyboard; name = Base; path = Base.lproj/LaunchScreen.storyboard; sourceTree = "<group>"; };
		0EC3C2931D5D9F9E000E6CE4 /* Info.plist */ = {isa = PBXFileReference; lastKnownFileType = text.plist.xml; path = Info.plist; sourceTree = "<group>"; };
		0EC3C2981D5D9F9E000E6CE4 /* HungryTests.xctest */ = {isa = PBXFileReference; explicitFileType = wrapper.cfbundle; includeInIndex = 0; path = HungryTests.xctest; sourceTree = BUILT_PRODUCTS_DIR; };
		0EC3C29C1D5D9F9E000E6CE4 /* HungryTests.swift */ = {isa = PBXFileReference; lastKnownFileType = sourcecode.swift; path = HungryTests.swift; sourceTree = "<group>"; };
		0EC3C29E1D5D9F9E000E6CE4 /* Info.plist */ = {isa = PBXFileReference; lastKnownFileType = text.plist.xml; path = Info.plist; sourceTree = "<group>"; };
		0EC3C2A31D5D9F9E000E6CE4 /* HungryUITests.xctest */ = {isa = PBXFileReference; explicitFileType = wrapper.cfbundle; includeInIndex = 0; path = HungryUITests.xctest; sourceTree = BUILT_PRODUCTS_DIR; };
		0EC3C2A71D5D9F9E000E6CE4 /* HungryUITests.swift */ = {isa = PBXFileReference; lastKnownFileType = sourcecode.swift; path = HungryUITests.swift; sourceTree = "<group>"; };
		0EC3C2A91D5D9F9E000E6CE4 /* Info.plist */ = {isa = PBXFileReference; lastKnownFileType = text.plist.xml; path = Info.plist; sourceTree = "<group>"; };
		2E1B2B9872AD6538B4802753 /* Pods_HungryTests.framework */ = {isa = PBXFileReference; explicitFileType = wrapper.framework; includeInIndex = 0; path = Pods_HungryTests.framework; sourceTree = BUILT_PRODUCTS_DIR; };
		680114001D63899300FF3DF2 /* LoginSignupViewController.swift */ = {isa = PBXFileReference; fileEncoding = 4; lastKnownFileType = sourcecode.swift; path = LoginSignupViewController.swift; sourceTree = "<group>"; };
		680114021D6389E900FF3DF2 /* LoginViewController.swift */ = {isa = PBXFileReference; fileEncoding = 4; lastKnownFileType = sourcecode.swift; path = LoginViewController.swift; sourceTree = "<group>"; };
		680114041D638A0200FF3DF2 /* SignupViewController.swift */ = {isa = PBXFileReference; fileEncoding = 4; lastKnownFileType = sourcecode.swift; path = SignupViewController.swift; sourceTree = "<group>"; };
		680114061D638A2600FF3DF2 /* SwitchViewController.swift */ = {isa = PBXFileReference; fileEncoding = 4; lastKnownFileType = sourcecode.swift; path = SwitchViewController.swift; sourceTree = "<group>"; };
		680114081D638BEB00FF3DF2 /* Bolts.framework */ = {isa = PBXFileReference; lastKnownFileType = wrapper.framework; name = Bolts.framework; path = "../../../Library/Developer/Xcode/DerivedData/Hungry-akjjcmrlqswhohaaupjrmzngrtzx/Build/Products/Debug-iphonesimulator/Bolts/Bolts.framework"; sourceTree = "<group>"; };
		6801140A1D638BF800FF3DF2 /* Parse.framework */ = {isa = PBXFileReference; lastKnownFileType = wrapper.framework; name = Parse.framework; path = "../../../Library/Developer/Xcode/DerivedData/Hungry-akjjcmrlqswhohaaupjrmzngrtzx/Build/Products/Debug-iphonesimulator/Parse/Parse.framework"; sourceTree = "<group>"; };
		6801140C1D638C2000FF3DF2 /* AudioToolbox.framework */ = {isa = PBXFileReference; lastKnownFileType = wrapper.framework; name = AudioToolbox.framework; path = System/Library/Frameworks/AudioToolbox.framework; sourceTree = SDKROOT; };
		6801140E1D638C2700FF3DF2 /* CFNetwork.framework */ = {isa = PBXFileReference; lastKnownFileType = wrapper.framework; name = CFNetwork.framework; path = System/Library/Frameworks/CFNetwork.framework; sourceTree = SDKROOT; };
		680114101D638C3700FF3DF2 /* CoreGraphics.framework */ = {isa = PBXFileReference; lastKnownFileType = wrapper.framework; name = CoreGraphics.framework; path = System/Library/Frameworks/CoreGraphics.framework; sourceTree = SDKROOT; };
		680114121D638C3D00FF3DF2 /* CoreLocation.framework */ = {isa = PBXFileReference; lastKnownFileType = wrapper.framework; name = CoreLocation.framework; path = System/Library/Frameworks/CoreLocation.framework; sourceTree = SDKROOT; };
		680114141D638C4200FF3DF2 /* MobileCoreServices.framework */ = {isa = PBXFileReference; lastKnownFileType = wrapper.framework; name = MobileCoreServices.framework; path = System/Library/Frameworks/MobileCoreServices.framework; sourceTree = SDKROOT; };
		680114161D638C5500FF3DF2 /* QuartzCore.framework */ = {isa = PBXFileReference; lastKnownFileType = wrapper.framework; name = QuartzCore.framework; path = System/Library/Frameworks/QuartzCore.framework; sourceTree = SDKROOT; };
		680114181D638C5A00FF3DF2 /* Security.framework */ = {isa = PBXFileReference; lastKnownFileType = wrapper.framework; name = Security.framework; path = System/Library/Frameworks/Security.framework; sourceTree = SDKROOT; };
		6801141A1D638C6400FF3DF2 /* StoreKit.framework */ = {isa = PBXFileReference; lastKnownFileType = wrapper.framework; name = StoreKit.framework; path = System/Library/Frameworks/StoreKit.framework; sourceTree = SDKROOT; };
		6801141C1D638C7400FF3DF2 /* SystemConfiguration.framework */ = {isa = PBXFileReference; lastKnownFileType = wrapper.framework; name = SystemConfiguration.framework; path = System/Library/Frameworks/SystemConfiguration.framework; sourceTree = SDKROOT; };
		6801141E1D638C8F00FF3DF2 /* libz.tbd */ = {isa = PBXFileReference; lastKnownFileType = "sourcecode.text-based-dylib-definition"; name = libz.tbd; path = usr/lib/libz.tbd; sourceTree = SDKROOT; };
		680114201D638CC100FF3DF2 /* Accounts.framework */ = {isa = PBXFileReference; lastKnownFileType = wrapper.framework; name = Accounts.framework; path = System/Library/Frameworks/Accounts.framework; sourceTree = SDKROOT; };
		680114221D638CC700FF3DF2 /* Social.framework */ = {isa = PBXFileReference; lastKnownFileType = wrapper.framework; name = Social.framework; path = System/Library/Frameworks/Social.framework; sourceTree = SDKROOT; };
		6801142B1D63EF0100FF3DF2 /* Eater.storyboard */ = {isa = PBXFileReference; fileEncoding = 4; lastKnownFileType = file.storyboard; path = Eater.storyboard; sourceTree = "<group>"; };
		6801142D1D63EF0B00FF3DF2 /* Cook.storyboard */ = {isa = PBXFileReference; fileEncoding = 4; lastKnownFileType = file.storyboard; path = Cook.storyboard; sourceTree = "<group>"; };
		7876E59BB96CEBDD8F1A8905 /* Pods-Hungry.release.xcconfig */ = {isa = PBXFileReference; includeInIndex = 1; lastKnownFileType = text.xcconfig; name = "Pods-Hungry.release.xcconfig"; path = "Pods/Target Support Files/Pods-Hungry/Pods-Hungry.release.xcconfig"; sourceTree = "<group>"; };
		7FD6B460CB181C58149A6263 /* Pods-Hungry.debug.xcconfig */ = {isa = PBXFileReference; includeInIndex = 1; lastKnownFileType = text.xcconfig; name = "Pods-Hungry.debug.xcconfig"; path = "Pods/Target Support Files/Pods-Hungry/Pods-Hungry.debug.xcconfig"; sourceTree = "<group>"; };
		9C56F6D21C9285E4A6E61621 /* Pods-HungryTests.debug.xcconfig */ = {isa = PBXFileReference; includeInIndex = 1; lastKnownFileType = text.xcconfig; name = "Pods-HungryTests.debug.xcconfig"; path = "Pods/Target Support Files/Pods-HungryTests/Pods-HungryTests.debug.xcconfig"; sourceTree = "<group>"; };
		A0E14CECABCB6B16597EA958 /* Pods-HungryTests.release.xcconfig */ = {isa = PBXFileReference; includeInIndex = 1; lastKnownFileType = text.xcconfig; name = "Pods-HungryTests.release.xcconfig"; path = "Pods/Target Support Files/Pods-HungryTests/Pods-HungryTests.release.xcconfig"; sourceTree = "<group>"; };
		B4578FED40BD20228F211661 /* Pods_HungryUITests.framework */ = {isa = PBXFileReference; explicitFileType = wrapper.framework; includeInIndex = 0; path = Pods_HungryUITests.framework; sourceTree = BUILT_PRODUCTS_DIR; };
		C347947929721FB6A1886BAB /* Pods_Hungry.framework */ = {isa = PBXFileReference; explicitFileType = wrapper.framework; includeInIndex = 0; path = Pods_Hungry.framework; sourceTree = BUILT_PRODUCTS_DIR; };
		C74853AF4496A63C33B15C43 /* Pods-HungryUITests.debug.xcconfig */ = {isa = PBXFileReference; includeInIndex = 1; lastKnownFileType = text.xcconfig; name = "Pods-HungryUITests.debug.xcconfig"; path = "Pods/Target Support Files/Pods-HungryUITests/Pods-HungryUITests.debug.xcconfig"; sourceTree = "<group>"; };
		D7ECE35A1D6424C8003173D3 /* CookViewController.swift */ = {isa = PBXFileReference; fileEncoding = 4; lastKnownFileType = sourcecode.swift; path = CookViewController.swift; sourceTree = "<group>"; };
		D869296B1D63F63F002B63C2 /* ParseClient.swift */ = {isa = PBXFileReference; fileEncoding = 4; lastKnownFileType = sourcecode.swift; path = ParseClient.swift; sourceTree = "<group>"; };
		D869296D1D63F683002B63C2 /* Offer.swift */ = {isa = PBXFileReference; fileEncoding = 4; lastKnownFileType = sourcecode.swift; path = Offer.swift; sourceTree = "<group>"; };
/* End PBXFileReference section */

/* Begin PBXFrameworksBuildPhase section */
		0EC3C2811D5D9F9E000E6CE4 /* Frameworks */ = {
			isa = PBXFrameworksBuildPhase;
			buildActionMask = 2147483647;
			files = (
				680114231D638CC700FF3DF2 /* Social.framework in Frameworks */,
				680114211D638CC100FF3DF2 /* Accounts.framework in Frameworks */,
				6801141F1D638C8F00FF3DF2 /* libz.tbd in Frameworks */,
				6801141D1D638C7400FF3DF2 /* SystemConfiguration.framework in Frameworks */,
				6801141B1D638C6400FF3DF2 /* StoreKit.framework in Frameworks */,
				680114191D638C5A00FF3DF2 /* Security.framework in Frameworks */,
				680114171D638C5500FF3DF2 /* QuartzCore.framework in Frameworks */,
				680114151D638C4200FF3DF2 /* MobileCoreServices.framework in Frameworks */,
				680114131D638C3D00FF3DF2 /* CoreLocation.framework in Frameworks */,
				680114111D638C3700FF3DF2 /* CoreGraphics.framework in Frameworks */,
				6801140F1D638C2700FF3DF2 /* CFNetwork.framework in Frameworks */,
				6801140D1D638C2000FF3DF2 /* AudioToolbox.framework in Frameworks */,
				6801140B1D638BF800FF3DF2 /* Parse.framework in Frameworks */,
				680114091D638BEB00FF3DF2 /* Bolts.framework in Frameworks */,
				8BCFFE404E0BFCEEDB4A0F8C /* Pods_Hungry.framework in Frameworks */,
			);
			runOnlyForDeploymentPostprocessing = 0;
		};
		0EC3C2951D5D9F9E000E6CE4 /* Frameworks */ = {
			isa = PBXFrameworksBuildPhase;
			buildActionMask = 2147483647;
			files = (
				5F959314B9EFE0E7CC19D02B /* Pods_HungryTests.framework in Frameworks */,
			);
			runOnlyForDeploymentPostprocessing = 0;
		};
		0EC3C2A01D5D9F9E000E6CE4 /* Frameworks */ = {
			isa = PBXFrameworksBuildPhase;
			buildActionMask = 2147483647;
			files = (
				DBCEC06EAE0C5C59151B0493 /* Pods_HungryUITests.framework in Frameworks */,
			);
			runOnlyForDeploymentPostprocessing = 0;
		};
/* End PBXFrameworksBuildPhase section */

/* Begin PBXGroup section */
		0EC3C27B1D5D9F9E000E6CE4 = {
			isa = PBXGroup;
			children = (
				0EC3C2861D5D9F9E000E6CE4 /* Hungry */,
				0EC3C29B1D5D9F9E000E6CE4 /* HungryTests */,
				0EC3C2A61D5D9F9E000E6CE4 /* HungryUITests */,
				0EC3C2851D5D9F9E000E6CE4 /* Products */,
				9408AB450E5BC758F1F9CF70 /* Pods */,
				9D88F4C13A124ED3D29130B2 /* Frameworks */,
			);
			sourceTree = "<group>";
		};
		0EC3C2851D5D9F9E000E6CE4 /* Products */ = {
			isa = PBXGroup;
			children = (
				0EC3C2841D5D9F9E000E6CE4 /* Hungry.app */,
				0EC3C2981D5D9F9E000E6CE4 /* HungryTests.xctest */,
				0EC3C2A31D5D9F9E000E6CE4 /* HungryUITests.xctest */,
			);
			name = Products;
			sourceTree = "<group>";
		};
		0EC3C2861D5D9F9E000E6CE4 /* Hungry */ = {
			isa = PBXGroup;
			children = (
				0EC3C2871D5D9F9E000E6CE4 /* AppDelegate.swift */,
				0EC3C28E1D5D9F9E000E6CE4 /* Assets.xcassets */,
				0EC3C2901D5D9F9E000E6CE4 /* LaunchScreen.storyboard */,
				0EC3C2931D5D9F9E000E6CE4 /* Info.plist */,
				680114321D63EF8300FF3DF2 /* Dummy */,
				680114311D63EF5300FF3DF2 /* Login */,
				680114301D63EF3600FF3DF2 /* Model */,
				6801142F1D63EF2F00FF3DF2 /* API */,
				6801142A1D63EEE200FF3DF2 /* Eater */,
				680114291D63EEDA00FF3DF2 /* Cook */,
			);
			path = Hungry;
			sourceTree = "<group>";
		};
		0EC3C29B1D5D9F9E000E6CE4 /* HungryTests */ = {
			isa = PBXGroup;
			children = (
				0EC3C29C1D5D9F9E000E6CE4 /* HungryTests.swift */,
				0EC3C29E1D5D9F9E000E6CE4 /* Info.plist */,
			);
			path = HungryTests;
			sourceTree = "<group>";
		};
		0EC3C2A61D5D9F9E000E6CE4 /* HungryUITests */ = {
			isa = PBXGroup;
			children = (
				0EC3C2A71D5D9F9E000E6CE4 /* HungryUITests.swift */,
				0EC3C2A91D5D9F9E000E6CE4 /* Info.plist */,
			);
			path = HungryUITests;
			sourceTree = "<group>";
		};
		680114291D63EEDA00FF3DF2 /* Cook */ = {
			isa = PBXGroup;
			children = (
				6801142D1D63EF0B00FF3DF2 /* Cook.storyboard */,
				D7ECE35A1D6424C8003173D3 /* CookViewController.swift */,
			);
			name = Cook;
			sourceTree = "<group>";
		};
		6801142A1D63EEE200FF3DF2 /* Eater */ = {
			isa = PBXGroup;
			children = (
				6801142B1D63EF0100FF3DF2 /* Eater.storyboard */,
			);
			name = Eater;
			sourceTree = "<group>";
		};
		6801142F1D63EF2F00FF3DF2 /* API */ = {
			isa = PBXGroup;
			children = (
				D869296B1D63F63F002B63C2 /* ParseClient.swift */,
			);
			name = API;
			sourceTree = "<group>";
		};
		680114301D63EF3600FF3DF2 /* Model */ = {
			isa = PBXGroup;
			children = (
				D869296D1D63F683002B63C2 /* Offer.swift */,
			);
			name = Model;
			sourceTree = "<group>";
		};
		680114311D63EF5300FF3DF2 /* Login */ = {
			isa = PBXGroup;
			children = (
				0EC3C28B1D5D9F9E000E6CE4 /* Main.storyboard */,
				680114001D63899300FF3DF2 /* LoginSignupViewController.swift */,
				680114021D6389E900FF3DF2 /* LoginViewController.swift */,
				680114041D638A0200FF3DF2 /* SignupViewController.swift */,
				680114061D638A2600FF3DF2 /* SwitchViewController.swift */,
			);
			name = Login;
			sourceTree = "<group>";
		};
		680114321D63EF8300FF3DF2 /* Dummy */ = {
			isa = PBXGroup;
			children = (
				0EC3C2891D5D9F9E000E6CE4 /* ViewController.swift */,
			);
			name = Dummy;
			sourceTree = "<group>";
		};
		9408AB450E5BC758F1F9CF70 /* Pods */ = {
			isa = PBXGroup;
			children = (
				7FD6B460CB181C58149A6263 /* Pods-Hungry.debug.xcconfig */,
				7876E59BB96CEBDD8F1A8905 /* Pods-Hungry.release.xcconfig */,
				9C56F6D21C9285E4A6E61621 /* Pods-HungryTests.debug.xcconfig */,
				A0E14CECABCB6B16597EA958 /* Pods-HungryTests.release.xcconfig */,
				C74853AF4496A63C33B15C43 /* Pods-HungryUITests.debug.xcconfig */,
				022E3F7846057373EC5DAFF0 /* Pods-HungryUITests.release.xcconfig */,
			);
			name = Pods;
			sourceTree = "<group>";
		};
		9D88F4C13A124ED3D29130B2 /* Frameworks */ = {
			isa = PBXGroup;
			children = (
				680114221D638CC700FF3DF2 /* Social.framework */,
				680114201D638CC100FF3DF2 /* Accounts.framework */,
				6801141E1D638C8F00FF3DF2 /* libz.tbd */,
				6801141C1D638C7400FF3DF2 /* SystemConfiguration.framework */,
				6801141A1D638C6400FF3DF2 /* StoreKit.framework */,
				680114181D638C5A00FF3DF2 /* Security.framework */,
				680114161D638C5500FF3DF2 /* QuartzCore.framework */,
				680114141D638C4200FF3DF2 /* MobileCoreServices.framework */,
				680114121D638C3D00FF3DF2 /* CoreLocation.framework */,
				680114101D638C3700FF3DF2 /* CoreGraphics.framework */,
				6801140E1D638C2700FF3DF2 /* CFNetwork.framework */,
				6801140C1D638C2000FF3DF2 /* AudioToolbox.framework */,
				6801140A1D638BF800FF3DF2 /* Parse.framework */,
				680114081D638BEB00FF3DF2 /* Bolts.framework */,
				C347947929721FB6A1886BAB /* Pods_Hungry.framework */,
				2E1B2B9872AD6538B4802753 /* Pods_HungryTests.framework */,
				B4578FED40BD20228F211661 /* Pods_HungryUITests.framework */,
			);
			name = Frameworks;
			sourceTree = "<group>";
		};
/* End PBXGroup section */

/* Begin PBXNativeTarget section */
		0EC3C2831D5D9F9E000E6CE4 /* Hungry */ = {
			isa = PBXNativeTarget;
			buildConfigurationList = 0EC3C2AC1D5D9F9E000E6CE4 /* Build configuration list for PBXNativeTarget "Hungry" */;
			buildPhases = (
				E0CBDB7E39EDF55AB9F0DC11 /* [CP] Check Pods Manifest.lock */,
				0EC3C2801D5D9F9E000E6CE4 /* Sources */,
				0EC3C2811D5D9F9E000E6CE4 /* Frameworks */,
				0EC3C2821D5D9F9E000E6CE4 /* Resources */,
				9B16C5F75DEC3A873F371750 /* [CP] Embed Pods Frameworks */,
				6A86716B453970603965BE59 /* [CP] Copy Pods Resources */,
			);
			buildRules = (
			);
			dependencies = (
			);
			name = Hungry;
			productName = Hungry;
			productReference = 0EC3C2841D5D9F9E000E6CE4 /* Hungry.app */;
			productType = "com.apple.product-type.application";
		};
		0EC3C2971D5D9F9E000E6CE4 /* HungryTests */ = {
			isa = PBXNativeTarget;
			buildConfigurationList = 0EC3C2AF1D5D9F9E000E6CE4 /* Build configuration list for PBXNativeTarget "HungryTests" */;
			buildPhases = (
				778A191D6FAEB2846F6C5A91 /* [CP] Check Pods Manifest.lock */,
				0EC3C2941D5D9F9E000E6CE4 /* Sources */,
				0EC3C2951D5D9F9E000E6CE4 /* Frameworks */,
				0EC3C2961D5D9F9E000E6CE4 /* Resources */,
				AA48AB671C1D4F51D1252F91 /* [CP] Embed Pods Frameworks */,
				99F9A03AFC54F0307597A889 /* [CP] Copy Pods Resources */,
			);
			buildRules = (
			);
			dependencies = (
				0EC3C29A1D5D9F9E000E6CE4 /* PBXTargetDependency */,
			);
			name = HungryTests;
			productName = HungryTests;
			productReference = 0EC3C2981D5D9F9E000E6CE4 /* HungryTests.xctest */;
			productType = "com.apple.product-type.bundle.unit-test";
		};
		0EC3C2A21D5D9F9E000E6CE4 /* HungryUITests */ = {
			isa = PBXNativeTarget;
			buildConfigurationList = 0EC3C2B21D5D9F9E000E6CE4 /* Build configuration list for PBXNativeTarget "HungryUITests" */;
			buildPhases = (
				F47B642521832B5BA10BB658 /* [CP] Check Pods Manifest.lock */,
				0EC3C29F1D5D9F9E000E6CE4 /* Sources */,
				0EC3C2A01D5D9F9E000E6CE4 /* Frameworks */,
				0EC3C2A11D5D9F9E000E6CE4 /* Resources */,
				B93C0EDF6C6F1DF0F07B4885 /* [CP] Copy Pods Resources */,
			);
			buildRules = (
			);
			dependencies = (
				0EC3C2A51D5D9F9E000E6CE4 /* PBXTargetDependency */,
			);
			name = HungryUITests;
			productName = HungryUITests;
			productReference = 0EC3C2A31D5D9F9E000E6CE4 /* HungryUITests.xctest */;
			productType = "com.apple.product-type.bundle.ui-testing";
		};
/* End PBXNativeTarget section */

/* Begin PBXProject section */
		0EC3C27C1D5D9F9E000E6CE4 /* Project object */ = {
			isa = PBXProject;
			attributes = {
				LastSwiftUpdateCheck = 0730;
				LastUpgradeCheck = 0730;
				ORGANIZATIONNAME = "Raikirat Sohi";
				TargetAttributes = {
					0EC3C2831D5D9F9E000E6CE4 = {
						CreatedOnToolsVersion = 7.3.1;
					};
					0EC3C2971D5D9F9E000E6CE4 = {
						CreatedOnToolsVersion = 7.3.1;
						TestTargetID = 0EC3C2831D5D9F9E000E6CE4;
					};
					0EC3C2A21D5D9F9E000E6CE4 = {
						CreatedOnToolsVersion = 7.3.1;
						TestTargetID = 0EC3C2831D5D9F9E000E6CE4;
					};
				};
			};
			buildConfigurationList = 0EC3C27F1D5D9F9E000E6CE4 /* Build configuration list for PBXProject "Hungry" */;
			compatibilityVersion = "Xcode 3.2";
			developmentRegion = English;
			hasScannedForEncodings = 0;
			knownRegions = (
				en,
				Base,
			);
			mainGroup = 0EC3C27B1D5D9F9E000E6CE4;
			productRefGroup = 0EC3C2851D5D9F9E000E6CE4 /* Products */;
			projectDirPath = "";
			projectRoot = "";
			targets = (
				0EC3C2831D5D9F9E000E6CE4 /* Hungry */,
				0EC3C2971D5D9F9E000E6CE4 /* HungryTests */,
				0EC3C2A21D5D9F9E000E6CE4 /* HungryUITests */,
			);
		};
/* End PBXProject section */

/* Begin PBXResourcesBuildPhase section */
		0EC3C2821D5D9F9E000E6CE4 /* Resources */ = {
			isa = PBXResourcesBuildPhase;
			buildActionMask = 2147483647;
			files = (
				0EC3C2921D5D9F9E000E6CE4 /* LaunchScreen.storyboard in Resources */,
				6801142C1D63EF0100FF3DF2 /* Eater.storyboard in Resources */,
				0EC3C28F1D5D9F9E000E6CE4 /* Assets.xcassets in Resources */,
				6801142E1D63EF0B00FF3DF2 /* Cook.storyboard in Resources */,
				0EC3C28D1D5D9F9E000E6CE4 /* Main.storyboard in Resources */,
			);
			runOnlyForDeploymentPostprocessing = 0;
		};
		0EC3C2961D5D9F9E000E6CE4 /* Resources */ = {
			isa = PBXResourcesBuildPhase;
			buildActionMask = 2147483647;
			files = (
			);
			runOnlyForDeploymentPostprocessing = 0;
		};
		0EC3C2A11D5D9F9E000E6CE4 /* Resources */ = {
			isa = PBXResourcesBuildPhase;
			buildActionMask = 2147483647;
			files = (
			);
			runOnlyForDeploymentPostprocessing = 0;
		};
/* End PBXResourcesBuildPhase section */

/* Begin PBXShellScriptBuildPhase section */
		6A86716B453970603965BE59 /* [CP] Copy Pods Resources */ = {
			isa = PBXShellScriptBuildPhase;
			buildActionMask = 2147483647;
			files = (
			);
			inputPaths = (
			);
			name = "[CP] Copy Pods Resources";
			outputPaths = (
			);
			runOnlyForDeploymentPostprocessing = 0;
			shellPath = /bin/sh;
			shellScript = "\"${SRCROOT}/Pods/Target Support Files/Pods-Hungry/Pods-Hungry-resources.sh\"\n";
			showEnvVarsInLog = 0;
		};
		778A191D6FAEB2846F6C5A91 /* [CP] Check Pods Manifest.lock */ = {
			isa = PBXShellScriptBuildPhase;
			buildActionMask = 2147483647;
			files = (
			);
			inputPaths = (
			);
			name = "[CP] Check Pods Manifest.lock";
			outputPaths = (
			);
			runOnlyForDeploymentPostprocessing = 0;
			shellPath = /bin/sh;
			shellScript = "diff \"${PODS_ROOT}/../Podfile.lock\" \"${PODS_ROOT}/Manifest.lock\" > /dev/null\nif [[ $? != 0 ]] ; then\n    cat << EOM\nerror: The sandbox is not in sync with the Podfile.lock. Run 'pod install' or update your CocoaPods installation.\nEOM\n    exit 1\nfi\n";
			showEnvVarsInLog = 0;
		};
		99F9A03AFC54F0307597A889 /* [CP] Copy Pods Resources */ = {
			isa = PBXShellScriptBuildPhase;
			buildActionMask = 2147483647;
			files = (
			);
			inputPaths = (
			);
			name = "[CP] Copy Pods Resources";
			outputPaths = (
			);
			runOnlyForDeploymentPostprocessing = 0;
			shellPath = /bin/sh;
			shellScript = "\"${SRCROOT}/Pods/Target Support Files/Pods-HungryTests/Pods-HungryTests-resources.sh\"\n";
			showEnvVarsInLog = 0;
		};
		9B16C5F75DEC3A873F371750 /* [CP] Embed Pods Frameworks */ = {
			isa = PBXShellScriptBuildPhase;
			buildActionMask = 2147483647;
			files = (
			);
			inputPaths = (
			);
			name = "[CP] Embed Pods Frameworks";
			outputPaths = (
			);
			runOnlyForDeploymentPostprocessing = 0;
			shellPath = /bin/sh;
			shellScript = "\"${SRCROOT}/Pods/Target Support Files/Pods-Hungry/Pods-Hungry-frameworks.sh\"\n";
			showEnvVarsInLog = 0;
		};
		AA48AB671C1D4F51D1252F91 /* [CP] Embed Pods Frameworks */ = {
			isa = PBXShellScriptBuildPhase;
			buildActionMask = 2147483647;
			files = (
			);
			inputPaths = (
			);
			name = "[CP] Embed Pods Frameworks";
			outputPaths = (
			);
			runOnlyForDeploymentPostprocessing = 0;
			shellPath = /bin/sh;
			shellScript = "\"${SRCROOT}/Pods/Target Support Files/Pods-HungryTests/Pods-HungryTests-frameworks.sh\"\n";
			showEnvVarsInLog = 0;
		};
		B93C0EDF6C6F1DF0F07B4885 /* [CP] Copy Pods Resources */ = {
			isa = PBXShellScriptBuildPhase;
			buildActionMask = 2147483647;
			files = (
			);
			inputPaths = (
			);
			name = "[CP] Copy Pods Resources";
			outputPaths = (
			);
			runOnlyForDeploymentPostprocessing = 0;
			shellPath = /bin/sh;
			shellScript = "\"${SRCROOT}/Pods/Target Support Files/Pods-HungryUITests/Pods-HungryUITests-resources.sh\"\n";
			showEnvVarsInLog = 0;
		};
		E0CBDB7E39EDF55AB9F0DC11 /* [CP] Check Pods Manifest.lock */ = {
			isa = PBXShellScriptBuildPhase;
			buildActionMask = 2147483647;
			files = (
			);
			inputPaths = (
			);
			name = "[CP] Check Pods Manifest.lock";
			outputPaths = (
			);
			runOnlyForDeploymentPostprocessing = 0;
			shellPath = /bin/sh;
			shellScript = "diff \"${PODS_ROOT}/../Podfile.lock\" \"${PODS_ROOT}/Manifest.lock\" > /dev/null\nif [[ $? != 0 ]] ; then\n    cat << EOM\nerror: The sandbox is not in sync with the Podfile.lock. Run 'pod install' or update your CocoaPods installation.\nEOM\n    exit 1\nfi\n";
			showEnvVarsInLog = 0;
		};
		F47B642521832B5BA10BB658 /* [CP] Check Pods Manifest.lock */ = {
			isa = PBXShellScriptBuildPhase;
			buildActionMask = 2147483647;
			files = (
			);
			inputPaths = (
			);
			name = "[CP] Check Pods Manifest.lock";
			outputPaths = (
			);
			runOnlyForDeploymentPostprocessing = 0;
			shellPath = /bin/sh;
			shellScript = "diff \"${PODS_ROOT}/../Podfile.lock\" \"${PODS_ROOT}/Manifest.lock\" > /dev/null\nif [[ $? != 0 ]] ; then\n    cat << EOM\nerror: The sandbox is not in sync with the Podfile.lock. Run 'pod install' or update your CocoaPods installation.\nEOM\n    exit 1\nfi\n";
			showEnvVarsInLog = 0;
		};
/* End PBXShellScriptBuildPhase section */

/* Begin PBXSourcesBuildPhase section */
		0EC3C2801D5D9F9E000E6CE4 /* Sources */ = {
			isa = PBXSourcesBuildPhase;
			buildActionMask = 2147483647;
			files = (
				D7ECE35B1D6424C8003173D3 /* CookViewController.swift in Sources */,
				D869296E1D63F683002B63C2 /* Offer.swift in Sources */,
				680114071D638A2600FF3DF2 /* SwitchViewController.swift in Sources */,
				680114031D6389E900FF3DF2 /* LoginViewController.swift in Sources */,
				D869296C1D63F63F002B63C2 /* ParseClient.swift in Sources */,
				0EC3C28A1D5D9F9E000E6CE4 /* ViewController.swift in Sources */,
				680114051D638A0200FF3DF2 /* SignupViewController.swift in Sources */,
				680114011D63899300FF3DF2 /* LoginSignupViewController.swift in Sources */,
				0EC3C2881D5D9F9E000E6CE4 /* AppDelegate.swift in Sources */,
			);
			runOnlyForDeploymentPostprocessing = 0;
		};
		0EC3C2941D5D9F9E000E6CE4 /* Sources */ = {
			isa = PBXSourcesBuildPhase;
			buildActionMask = 2147483647;
			files = (
				0EC3C29D1D5D9F9E000E6CE4 /* HungryTests.swift in Sources */,
			);
			runOnlyForDeploymentPostprocessing = 0;
		};
		0EC3C29F1D5D9F9E000E6CE4 /* Sources */ = {
			isa = PBXSourcesBuildPhase;
			buildActionMask = 2147483647;
			files = (
				0EC3C2A81D5D9F9E000E6CE4 /* HungryUITests.swift in Sources */,
			);
			runOnlyForDeploymentPostprocessing = 0;
		};
/* End PBXSourcesBuildPhase section */

/* Begin PBXTargetDependency section */
		0EC3C29A1D5D9F9E000E6CE4 /* PBXTargetDependency */ = {
			isa = PBXTargetDependency;
			target = 0EC3C2831D5D9F9E000E6CE4 /* Hungry */;
			targetProxy = 0EC3C2991D5D9F9E000E6CE4 /* PBXContainerItemProxy */;
		};
		0EC3C2A51D5D9F9E000E6CE4 /* PBXTargetDependency */ = {
			isa = PBXTargetDependency;
			target = 0EC3C2831D5D9F9E000E6CE4 /* Hungry */;
			targetProxy = 0EC3C2A41D5D9F9E000E6CE4 /* PBXContainerItemProxy */;
		};
/* End PBXTargetDependency section */

/* Begin PBXVariantGroup section */
		0EC3C28B1D5D9F9E000E6CE4 /* Main.storyboard */ = {
			isa = PBXVariantGroup;
			children = (
				0EC3C28C1D5D9F9E000E6CE4 /* Base */,
			);
			name = Main.storyboard;
			sourceTree = "<group>";
		};
		0EC3C2901D5D9F9E000E6CE4 /* LaunchScreen.storyboard */ = {
			isa = PBXVariantGroup;
			children = (
				0EC3C2911D5D9F9E000E6CE4 /* Base */,
			);
			name = LaunchScreen.storyboard;
			sourceTree = "<group>";
		};
/* End PBXVariantGroup section */

/* Begin XCBuildConfiguration section */
		0EC3C2AA1D5D9F9E000E6CE4 /* Debug */ = {
			isa = XCBuildConfiguration;
			buildSettings = {
				ALWAYS_SEARCH_USER_PATHS = NO;
				CLANG_ANALYZER_NONNULL = YES;
				CLANG_CXX_LANGUAGE_STANDARD = "gnu++0x";
				CLANG_CXX_LIBRARY = "libc++";
				CLANG_ENABLE_MODULES = YES;
				CLANG_ENABLE_OBJC_ARC = YES;
				CLANG_WARN_BOOL_CONVERSION = YES;
				CLANG_WARN_CONSTANT_CONVERSION = YES;
				CLANG_WARN_DIRECT_OBJC_ISA_USAGE = YES_ERROR;
				CLANG_WARN_EMPTY_BODY = YES;
				CLANG_WARN_ENUM_CONVERSION = YES;
				CLANG_WARN_INT_CONVERSION = YES;
				CLANG_WARN_OBJC_ROOT_CLASS = YES_ERROR;
				CLANG_WARN_UNREACHABLE_CODE = YES;
				CLANG_WARN__DUPLICATE_METHOD_MATCH = YES;
				"CODE_SIGN_IDENTITY[sdk=iphoneos*]" = "iPhone Developer";
				COPY_PHASE_STRIP = NO;
				DEBUG_INFORMATION_FORMAT = dwarf;
				ENABLE_STRICT_OBJC_MSGSEND = YES;
				ENABLE_TESTABILITY = YES;
				GCC_C_LANGUAGE_STANDARD = gnu99;
				GCC_DYNAMIC_NO_PIC = NO;
				GCC_NO_COMMON_BLOCKS = YES;
				GCC_OPTIMIZATION_LEVEL = 0;
				GCC_PREPROCESSOR_DEFINITIONS = (
					"DEBUG=1",
					"$(inherited)",
				);
				GCC_WARN_64_TO_32_BIT_CONVERSION = YES;
				GCC_WARN_ABOUT_RETURN_TYPE = YES_ERROR;
				GCC_WARN_UNDECLARED_SELECTOR = YES;
				GCC_WARN_UNINITIALIZED_AUTOS = YES_AGGRESSIVE;
				GCC_WARN_UNUSED_FUNCTION = YES;
				GCC_WARN_UNUSED_VARIABLE = YES;
				IPHONEOS_DEPLOYMENT_TARGET = 9.3;
				MTL_ENABLE_DEBUG_INFO = YES;
				ONLY_ACTIVE_ARCH = YES;
				SDKROOT = iphoneos;
				SWIFT_OPTIMIZATION_LEVEL = "-Onone";
				TARGETED_DEVICE_FAMILY = "1,2";
			};
			name = Debug;
		};
		0EC3C2AB1D5D9F9E000E6CE4 /* Release */ = {
			isa = XCBuildConfiguration;
			buildSettings = {
				ALWAYS_SEARCH_USER_PATHS = NO;
				CLANG_ANALYZER_NONNULL = YES;
				CLANG_CXX_LANGUAGE_STANDARD = "gnu++0x";
				CLANG_CXX_LIBRARY = "libc++";
				CLANG_ENABLE_MODULES = YES;
				CLANG_ENABLE_OBJC_ARC = YES;
				CLANG_WARN_BOOL_CONVERSION = YES;
				CLANG_WARN_CONSTANT_CONVERSION = YES;
				CLANG_WARN_DIRECT_OBJC_ISA_USAGE = YES_ERROR;
				CLANG_WARN_EMPTY_BODY = YES;
				CLANG_WARN_ENUM_CONVERSION = YES;
				CLANG_WARN_INT_CONVERSION = YES;
				CLANG_WARN_OBJC_ROOT_CLASS = YES_ERROR;
				CLANG_WARN_UNREACHABLE_CODE = YES;
				CLANG_WARN__DUPLICATE_METHOD_MATCH = YES;
				"CODE_SIGN_IDENTITY[sdk=iphoneos*]" = "iPhone Developer";
				COPY_PHASE_STRIP = NO;
				DEBUG_INFORMATION_FORMAT = "dwarf-with-dsym";
				ENABLE_NS_ASSERTIONS = NO;
				ENABLE_STRICT_OBJC_MSGSEND = YES;
				GCC_C_LANGUAGE_STANDARD = gnu99;
				GCC_NO_COMMON_BLOCKS = YES;
				GCC_WARN_64_TO_32_BIT_CONVERSION = YES;
				GCC_WARN_ABOUT_RETURN_TYPE = YES_ERROR;
				GCC_WARN_UNDECLARED_SELECTOR = YES;
				GCC_WARN_UNINITIALIZED_AUTOS = YES_AGGRESSIVE;
				GCC_WARN_UNUSED_FUNCTION = YES;
				GCC_WARN_UNUSED_VARIABLE = YES;
				IPHONEOS_DEPLOYMENT_TARGET = 9.3;
				MTL_ENABLE_DEBUG_INFO = NO;
				SDKROOT = iphoneos;
				TARGETED_DEVICE_FAMILY = "1,2";
				VALIDATE_PRODUCT = YES;
			};
			name = Release;
		};
		0EC3C2AD1D5D9F9E000E6CE4 /* Debug */ = {
			isa = XCBuildConfiguration;
			baseConfigurationReference = 7FD6B460CB181C58149A6263 /* Pods-Hungry.debug.xcconfig */;
			buildSettings = {
				ASSETCATALOG_COMPILER_APPICON_NAME = AppIcon;
				INFOPLIST_FILE = Hungry/Info.plist;
				LD_RUNPATH_SEARCH_PATHS = "$(inherited) @executable_path/Frameworks";
				PRODUCT_BUNDLE_IDENTIFIER = walmart.Hungry;
				PRODUCT_NAME = "$(TARGET_NAME)";
			};
			name = Debug;
		};
		0EC3C2AE1D5D9F9E000E6CE4 /* Release */ = {
			isa = XCBuildConfiguration;
			baseConfigurationReference = 7876E59BB96CEBDD8F1A8905 /* Pods-Hungry.release.xcconfig */;
			buildSettings = {
				ASSETCATALOG_COMPILER_APPICON_NAME = AppIcon;
				INFOPLIST_FILE = Hungry/Info.plist;
				LD_RUNPATH_SEARCH_PATHS = "$(inherited) @executable_path/Frameworks";
				PRODUCT_BUNDLE_IDENTIFIER = walmart.Hungry;
				PRODUCT_NAME = "$(TARGET_NAME)";
			};
			name = Release;
		};
		0EC3C2B01D5D9F9E000E6CE4 /* Debug */ = {
			isa = XCBuildConfiguration;
			baseConfigurationReference = 9C56F6D21C9285E4A6E61621 /* Pods-HungryTests.debug.xcconfig */;
			buildSettings = {
				BUNDLE_LOADER = "$(TEST_HOST)";
				INFOPLIST_FILE = HungryTests/Info.plist;
				LD_RUNPATH_SEARCH_PATHS = "$(inherited) @executable_path/Frameworks @loader_path/Frameworks";
				PRODUCT_BUNDLE_IDENTIFIER = walmart.HungryTests;
				PRODUCT_NAME = "$(TARGET_NAME)";
				TEST_HOST = "$(BUILT_PRODUCTS_DIR)/Hungry.app/Hungry";
			};
			name = Debug;
		};
		0EC3C2B11D5D9F9E000E6CE4 /* Release */ = {
			isa = XCBuildConfiguration;
			baseConfigurationReference = A0E14CECABCB6B16597EA958 /* Pods-HungryTests.release.xcconfig */;
			buildSettings = {
				BUNDLE_LOADER = "$(TEST_HOST)";
				INFOPLIST_FILE = HungryTests/Info.plist;
				LD_RUNPATH_SEARCH_PATHS = "$(inherited) @executable_path/Frameworks @loader_path/Frameworks";
				PRODUCT_BUNDLE_IDENTIFIER = walmart.HungryTests;
				PRODUCT_NAME = "$(TARGET_NAME)";
				TEST_HOST = "$(BUILT_PRODUCTS_DIR)/Hungry.app/Hungry";
			};
			name = Release;
		};
		0EC3C2B31D5D9F9E000E6CE4 /* Debug */ = {
			isa = XCBuildConfiguration;
			baseConfigurationReference = C74853AF4496A63C33B15C43 /* Pods-HungryUITests.debug.xcconfig */;
			buildSettings = {
				INFOPLIST_FILE = HungryUITests/Info.plist;
				LD_RUNPATH_SEARCH_PATHS = "$(inherited) @executable_path/Frameworks @loader_path/Frameworks";
				PRODUCT_BUNDLE_IDENTIFIER = walmart.HungryUITests;
				PRODUCT_NAME = "$(TARGET_NAME)";
				TEST_TARGET_NAME = Hungry;
			};
			name = Debug;
		};
		0EC3C2B41D5D9F9E000E6CE4 /* Release */ = {
			isa = XCBuildConfiguration;
			baseConfigurationReference = 022E3F7846057373EC5DAFF0 /* Pods-HungryUITests.release.xcconfig */;
			buildSettings = {
				INFOPLIST_FILE = HungryUITests/Info.plist;
				LD_RUNPATH_SEARCH_PATHS = "$(inherited) @executable_path/Frameworks @loader_path/Frameworks";
				PRODUCT_BUNDLE_IDENTIFIER = walmart.HungryUITests;
				PRODUCT_NAME = "$(TARGET_NAME)";
				TEST_TARGET_NAME = Hungry;
			};
			name = Release;
		};
/* End XCBuildConfiguration section */

/* Begin XCConfigurationList section */
		0EC3C27F1D5D9F9E000E6CE4 /* Build configuration list for PBXProject "Hungry" */ = {
			isa = XCConfigurationList;
			buildConfigurations = (
				0EC3C2AA1D5D9F9E000E6CE4 /* Debug */,
				0EC3C2AB1D5D9F9E000E6CE4 /* Release */,
			);
			defaultConfigurationIsVisible = 0;
			defaultConfigurationName = Release;
		};
		0EC3C2AC1D5D9F9E000E6CE4 /* Build configuration list for PBXNativeTarget "Hungry" */ = {
			isa = XCConfigurationList;
			buildConfigurations = (
				0EC3C2AD1D5D9F9E000E6CE4 /* Debug */,
				0EC3C2AE1D5D9F9E000E6CE4 /* Release */,
			);
			defaultConfigurationIsVisible = 0;
			defaultConfigurationName = Release;
		};
		0EC3C2AF1D5D9F9E000E6CE4 /* Build configuration list for PBXNativeTarget "HungryTests" */ = {
			isa = XCConfigurationList;
			buildConfigurations = (
				0EC3C2B01D5D9F9E000E6CE4 /* Debug */,
				0EC3C2B11D5D9F9E000E6CE4 /* Release */,
			);
			defaultConfigurationIsVisible = 0;
			defaultConfigurationName = Release;
		};
		0EC3C2B21D5D9F9E000E6CE4 /* Build configuration list for PBXNativeTarget "HungryUITests" */ = {
			isa = XCConfigurationList;
			buildConfigurations = (
				0EC3C2B31D5D9F9E000E6CE4 /* Debug */,
				0EC3C2B41D5D9F9E000E6CE4 /* Release */,
			);
			defaultConfigurationIsVisible = 0;
			defaultConfigurationName = Release;
		};
/* End XCConfigurationList section */
	};
	rootObject = 0EC3C27C1D5D9F9E000E6CE4 /* Project object */;
}
